
Microsoft Visual Studio Solution File, Format Version 12.00
# Visual Studio Version 16
VisualStudioVersion = 16.0.32228.343
MinimumVisualStudioVersion = 10.0.40219.1
Project("{9A19103F-16F7-4668-BE54-9A1E7A4F7556}") = "bot", "bot\bot.csproj", "{87EDE18E-D41C-4197-9FD5-E845A1D53E6D}"
EndProject
Global
	GlobalSection(SolutionConfigurationPlatforms) = preSolution
		Debug|Any CPU = Debug|Any CPU
		Release|Any CPU = Release|Any CPU
	EndGlobalSection
	GlobalSection(ProjectConfigurationPlatforms) = postSolution
		{87EDE18E-D41C-4197-9FD5-E845A1D53E6D}.Debug|Any CPU.ActiveCfg = Debug|Any CPU
		{87EDE18E-D41C-4197-9FD5-E845A1D53E6D}.Debug|Any CPU.Build.0 = Debug|Any CPU
		{87EDE18E-D41C-4197-9FD5-E845A1D53E6D}.Release|Any CPU.ActiveCfg = Release|Any CPU
		{87EDE18E-D41C-4197-9FD5-E845A1D53E6D}.Release|Any CPU.Build.0 = Release|Any CPU
	EndGlobalSection
	GlobalSection(SolutionProperties) = preSolution
		HideSolutionNode = FALSE
	EndGlobalSection
	GlobalSection(ExtensibilityGlobals) = postSolution
		SolutionGuid = {7B9075CE-E95A-486C-BBD4-A7664E894273}
	EndGlobalSection
EndGlobal
